
Microsoft Visual Studio Solution File, Format Version 12.00
# Visual Studio Version 17
VisualStudioVersion = 17.14.36414.22
MinimumVisualStudioVersion = 10.0.40219.1
Project("{FAE04EC0-301F-11D3-BF4B-00C04F79EFBC}") = "tp-web-equipo-4a", "tp-web-equipo-4a\tp-web-equipo-4a.csproj", "{E13EC5E7-3DE8-4573-BD7A-751A1BEC9AEE}"
EndProject
Project("{FAE04EC0-301F-11D3-BF4B-00C04F79EFBC}") = "dominio", "dominio\dominio.csproj", "{D64F664E-6EA0-4539-9C0E-E325CB8B4E72}"
EndProject
Project("{FAE04EC0-301F-11D3-BF4B-00C04F79EFBC}") = "negocio", "negocio\negocio.csproj", "{FDEAF9E8-2E9B-498E-ABE2-68C9E1FDF7E1}"
EndProject
Global
	GlobalSection(SolutionConfigurationPlatforms) = preSolution
		Debug|Any CPU = Debug|Any CPU
		Release|Any CPU = Release|Any CPU
	EndGlobalSection
	GlobalSection(ProjectConfigurationPlatforms) = postSolution
		{E13EC5E7-3DE8-4573-BD7A-751A1BEC9AEE}.Debug|Any CPU.ActiveCfg = Debug|Any CPU
		{E13EC5E7-3DE8-4573-BD7A-751A1BEC9AEE}.Debug|Any CPU.Build.0 = Debug|Any CPU
		{E13EC5E7-3DE8-4573-BD7A-751A1BEC9AEE}.Release|Any CPU.ActiveCfg = Release|Any CPU
		{E13EC5E7-3DE8-4573-BD7A-751A1BEC9AEE}.Release|Any CPU.Build.0 = Release|Any CPU
		{D64F664E-6EA0-4539-9C0E-E325CB8B4E72}.Debug|Any CPU.ActiveCfg = Debug|Any CPU
		{D64F664E-6EA0-4539-9C0E-E325CB8B4E72}.Debug|Any CPU.Build.0 = Debug|Any CPU
		{D64F664E-6EA0-4539-9C0E-E325CB8B4E72}.Release|Any CPU.ActiveCfg = Release|Any CPU
		{D64F664E-6EA0-4539-9C0E-E325CB8B4E72}.Release|Any CPU.Build.0 = Release|Any CPU
		{FDEAF9E8-2E9B-498E-ABE2-68C9E1FDF7E1}.Debug|Any CPU.ActiveCfg = Debug|Any CPU
		{FDEAF9E8-2E9B-498E-ABE2-68C9E1FDF7E1}.Debug|Any CPU.Build.0 = Debug|Any CPU
		{FDEAF9E8-2E9B-498E-ABE2-68C9E1FDF7E1}.Release|Any CPU.ActiveCfg = Release|Any CPU
		{FDEAF9E8-2E9B-498E-ABE2-68C9E1FDF7E1}.Release|Any CPU.Build.0 = Release|Any CPU
	EndGlobalSection
	GlobalSection(SolutionProperties) = preSolution
		HideSolutionNode = FALSE
	EndGlobalSection
	GlobalSection(ExtensibilityGlobals) = postSolution
		SolutionGuid = {CEDA2B8C-EF8B-4DFA-BA3F-CBC605CED246}
	EndGlobalSection
EndGlobal
